
Microsoft Visual Studio Solution File, Format Version 12.00
# Visual Studio 2013
VisualStudioVersion = 12.0.0.0
MinimumVisualStudioVersion = 10.0.0.1
Project("{FAE04EC0-301F-11D3-BF4B-00C04F79EFBC}") = "Game21", "Game21/Game21.csproj", "{CC5CE653-635F-4AC5-A4E9-6683CCBC5BCF}"
EndProject
Project("{FAE04EC0-301F-11D3-BF4B-00C04F79EFBC}") = "Documentation", "Documentation\Documentation.csproj", "{19BB64D3-97FB-4CB7-BDDF-658A536B2DF4}"
EndProject
Project("{FAE04EC0-301F-11D3-BF4B-00C04F79EFBC}") = "Tests", "Tests\Tests.csproj", "{355D6E10-804A-42D9-B3A1-04D69E2AA2E3}"
EndProject
Global
	GlobalSection(SolutionConfigurationPlatforms) = preSolution
		Debug|Any CPU = Debug|Any CPU
		Release|Any CPU = Release|Any CPU
	EndGlobalSection
	GlobalSection(ProjectConfigurationPlatforms) = postSolution
		{CC5CE653-635F-4AC5-A4E9-6683CCBC5BCF}.Debug|Any CPU.ActiveCfg = Debug|Any CPU
		{CC5CE653-635F-4AC5-A4E9-6683CCBC5BCF}.Debug|Any CPU.Build.0 = Debug|Any CPU
		{CC5CE653-635F-4AC5-A4E9-6683CCBC5BCF}.Release|Any CPU.ActiveCfg = Release|Any CPU
		{CC5CE653-635F-4AC5-A4E9-6683CCBC5BCF}.Release|Any CPU.Build.0 = Release|Any CPU
		{19BB64D3-97FB-4CB7-BDDF-658A536B2DF4}.Debug|Any CPU.ActiveCfg = Debug|Any CPU
		{19BB64D3-97FB-4CB7-BDDF-658A536B2DF4}.Debug|Any CPU.Build.0 = Debug|Any CPU
		{19BB64D3-97FB-4CB7-BDDF-658A536B2DF4}.Release|Any CPU.ActiveCfg = Release|Any CPU
		{19BB64D3-97FB-4CB7-BDDF-658A536B2DF4}.Release|Any CPU.Build.0 = Release|Any CPU
		{355D6E10-804A-42D9-B3A1-04D69E2AA2E3}.Debug|Any CPU.ActiveCfg = Debug|Any CPU
		{355D6E10-804A-42D9-B3A1-04D69E2AA2E3}.Debug|Any CPU.Build.0 = Debug|Any CPU
		{355D6E10-804A-42D9-B3A1-04D69E2AA2E3}.Release|Any CPU.ActiveCfg = Release|Any CPU
		{355D6E10-804A-42D9-B3A1-04D69E2AA2E3}.Release|Any CPU.Build.0 = Release|Any CPU
	EndGlobalSection
	GlobalSection(SolutionProperties) = preSolution
		HideSolutionNode = FALSE
	EndGlobalSection
	GlobalSection(NestedProjects) = preSolution
	EndGlobalSection
EndGlobal
